{
  "name": "assets",
  "lockfileVersion": 2,
  "requires": true,
  "packages": {
    "": {
      "dependencies": {
        "alpinejs": "^3.13.1",
        "topbar": "^2.0.1"
      }
    },
    "node_modules/@vue/reactivity": {
      "version": "3.1.5",
      "license": "MIT",
      "dependencies": {
        "@vue/shared": "3.1.5"
      }
    },
    "node_modules/@vue/shared": {
      "version": "3.1.5",
      "license": "MIT"
    },
    "node_modules/alpinejs": {
      "version": "3.13.1",
      "resolved": "https://registry.npmjs.org/alpinejs/-/alpinejs-3.13.1.tgz",
      "integrity": "sha512-/LZ7mumW02V7AV5xTTftJFHS0I3KOXLl7tHm4xpxXAV+HJ/zjTT0n8MU7RZ6UoGPhmO/i+KEhQojaH/0RsH5tg==",
      "dependencies": {
        "@vue/reactivity": "~3.1.1"
      }
    },
    "node_modules/topbar": {
      "version": "2.0.1",
      "resolved": "https://registry.npmjs.org/topbar/-/topbar-2.0.1.tgz",
      "integrity": "sha512-4KvcxrJuGS3wkx8QacT7dfnkwyPJOuDzGUvHO/GDZqgoEEEFKTnZqCC6PYcvuZ0OfMNdyyKeAzVB2MPk0BIe8A=="
    }
  },
  "dependencies": {
    "@vue/reactivity": {
      "version": "3.1.5",
      "requires": {
        "@vue/shared": "3.1.5"
      }
    },
    "@vue/shared": {
      "version": "3.1.5"
    },
    "alpinejs": {
      "version": "3.13.1",
      "resolved": "https://registry.npmjs.org/alpinejs/-/alpinejs-3.13.1.tgz",
      "integrity": "sha512-/LZ7mumW02V7AV5xTTftJFHS0I3KOXLl7tHm4xpxXAV+HJ/zjTT0n8MU7RZ6UoGPhmO/i+KEhQojaH/0RsH5tg==",
      "requires": {
        "@vue/reactivity": "~3.1.1"
      }
    },
    "topbar": {
      "version": "2.0.1",
      "resolved": "https://registry.npmjs.org/topbar/-/topbar-2.0.1.tgz",
      "integrity": "sha512-4KvcxrJuGS3wkx8QacT7dfnkwyPJOuDzGUvHO/GDZqgoEEEFKTnZqCC6PYcvuZ0OfMNdyyKeAzVB2MPk0BIe8A=="
    }
  }
}
