{
  "name": "assets",
  "lockfileVersion": 3,
  "requires": true,
  "packages": {
    "": {
      "dependencies": {
        "topbar": "^3.0.0"
      },
      "devDependencies": {
        "daisyui": "^5.0.0-beta.6"
      }
    },
    "node_modules/daisyui": {
      "version": "5.0.0-beta.6",
      "resolved": "https://registry.npmjs.org/daisyui/-/daisyui-5.0.0-beta.6.tgz",
      "integrity": "sha512-gwXHv6MApRBrvUayzg83vS6bfZ+y7/1VGLu0a8/cEAMviS4rXLCd4AndEdlVxhq+25wkAp0CZRkNQ7O4wIoFnQ==",
      "dev": true,
      "license": "MIT",
      "funding": {
        "url": "https://github.com/saadeghi/daisyui?sponsor=1"
      }
    },
    "node_modules/topbar": {
      "version": "3.0.0",
      "resolved": "https://registry.npmjs.org/topbar/-/topbar-3.0.0.tgz",
      "integrity": "sha512-mhczD7KfYi1anfoMPKRdl0wPSWiYc0YOK4KyycYs3EaNT15pVVNDG5CtfgZcEBWIPJEdfR7r8K4hTXDD2ECBVQ==",
      "license": "MIT"
    }
  }
}