{
  "name": "assets",
  "lockfileVersion": 3,
  "requires": true,
  "packages": {
    "": {
      "dependencies": {
        "topbar": "^3.0.0"
      },
      "devDependencies": {
        "@tailwindcss/typography": "0.5.16",
        "daisyui": "4.12.23",
        "esbuild": "0.24.2",
        "tailwindcss": "4.0.1"
      }
    },
    "node_modules/@esbuild/aix-ppc64": {
      "version": "0.24.2",
      "resolved": "https://registry.npmjs.org/@esbuild/aix-ppc64/-/aix-ppc64-0.24.2.tgz",
      "integrity": "sha512-thpVCb/rhxE/BnMLQ7GReQLLN8q9qbHmI55F4489/ByVg2aQaQ6kbcLb6FHkocZzQhxc4gx0sCk0tJkKBFzDhA==",
      "cpu": [
        "ppc64"
      ],
      "dev": true,
      "license": "MIT",
      "optional": true,
      "os": [
        "aix"
      ],
      "engines": {
        "node": ">=18"
      }
    },
    "node_modules/@esbuild/android-arm": {
      "version": "0.24.2",
      "resolved": "https://registry.npmjs.org/@esbuild/android-arm/-/android-arm-0.24.2.tgz",
      "integrity": "sha512-tmwl4hJkCfNHwFB3nBa8z1Uy3ypZpxqxfTQOcHX+xRByyYgunVbZ9MzUUfb0RxaHIMnbHagwAxuTL+tnNM+1/Q==",
      "cpu": [
        "arm"
      ],
      "dev": true,
      "license": "MIT",
      "optional": true,
      "os": [
        "android"
      ],
      "engines": {
        "node": ">=18"
      }
    },
    "node_modules/@esbuild/android-arm64": {
      "version": "0.24.2",
      "resolved": "https://registry.npmjs.org/@esbuild/android-arm64/-/android-arm64-0.24.2.tgz",
      "integrity": "sha512-cNLgeqCqV8WxfcTIOeL4OAtSmL8JjcN6m09XIgro1Wi7cF4t/THaWEa7eL5CMoMBdjoHOTh/vwTO/o2TRXIyzg==",
      "cpu": [
        "arm64"
      ],
      "dev": true,
      "license": "MIT",
      "optional": true,
      "os": [
        "android"
      ],
      "engines": {
        "node": ">=18"
      }
    },
    "node_modules/@esbuild/android-x64": {
      "version": "0.24.2",
      "resolved": "https://registry.npmjs.org/@esbuild/android-x64/-/android-x64-0.24.2.tgz",
      "integrity": "sha512-B6Q0YQDqMx9D7rvIcsXfmJfvUYLoP722bgfBlO5cGvNVb5V/+Y7nhBE3mHV9OpxBf4eAS2S68KZztiPaWq4XYw==",
      "cpu": [
        "x64"
      ],
      "dev": true,
      "license": "MIT",
      "optional": true,
      "os": [
        "android"
      ],
      "engines": {
        "node": ">=18"
      }
    },
    "node_modules/@esbuild/darwin-arm64": {
      "version": "0.24.2",
      "resolved": "https://registry.npmjs.org/@esbuild/darwin-arm64/-/darwin-arm64-0.24.2.tgz",
      "integrity": "sha512-kj3AnYWc+CekmZnS5IPu9D+HWtUI49hbnyqk0FLEJDbzCIQt7hg7ucF1SQAilhtYpIujfaHr6O0UHlzzSPdOeA==",
      "cpu": [
        "arm64"
      ],
      "dev": true,
      "license": "MIT",
      "optional": true,
      "os": [
        "darwin"
      ],
      "engines": {
        "node": ">=18"
      }
    },
    "node_modules/@esbuild/darwin-x64": {
      "version": "0.24.2",
      "resolved": "https://registry.npmjs.org/@esbuild/darwin-x64/-/darwin-x64-0.24.2.tgz",
      "integrity": "sha512-WeSrmwwHaPkNR5H3yYfowhZcbriGqooyu3zI/3GGpF8AyUdsrrP0X6KumITGA9WOyiJavnGZUwPGvxvwfWPHIA==",
      "cpu": [
        "x64"
      ],
      "dev": true,
      "license": "MIT",
      "optional": true,
      "os": [
        "darwin"
      ],
      "engines": {
        "node": ">=18"
      }
    },
    "node_modules/@esbuild/freebsd-arm64": {
      "version": "0.24.2",
      "resolved": "https://registry.npmjs.org/@esbuild/freebsd-arm64/-/freebsd-arm64-0.24.2.tgz",
      "integrity": "sha512-UN8HXjtJ0k/Mj6a9+5u6+2eZ2ERD7Edt1Q9IZiB5UZAIdPnVKDoG7mdTVGhHJIeEml60JteamR3qhsr1r8gXvg==",
      "cpu": [
        "arm64"
      ],
      "dev": true,
      "license": "MIT",
      "optional": true,
      "os": [
        "freebsd"
      ],
      "engines": {
        "node": ">=18"
      }
    },
    "node_modules/@esbuild/freebsd-x64": {
      "version": "0.24.2",
      "resolved": "https://registry.npmjs.org/@esbuild/freebsd-x64/-/freebsd-x64-0.24.2.tgz",
      "integrity": "sha512-TvW7wE/89PYW+IevEJXZ5sF6gJRDY/14hyIGFXdIucxCsbRmLUcjseQu1SyTko+2idmCw94TgyaEZi9HUSOe3Q==",
      "cpu": [
        "x64"
      ],
      "dev": true,
      "license": "MIT",
      "optional": true,
      "os": [
        "freebsd"
      ],
      "engines": {
        "node": ">=18"
      }
    },
    "node_modules/@esbuild/linux-arm": {
      "version": "0.24.2",
      "resolved": "https://registry.npmjs.org/@esbuild/linux-arm/-/linux-arm-0.24.2.tgz",
      "integrity": "sha512-n0WRM/gWIdU29J57hJyUdIsk0WarGd6To0s+Y+LwvlC55wt+GT/OgkwoXCXvIue1i1sSNWblHEig00GBWiJgfA==",
      "cpu": [
        "arm"
      ],
      "dev": true,
      "license": "MIT",
      "optional": true,
      "os": [
        "linux"
      ],
      "engines": {
        "node": ">=18"
      }
    },
    "node_modules/@esbuild/linux-arm64": {
      "version": "0.24.2",
      "resolved": "https://registry.npmjs.org/@esbuild/linux-arm64/-/linux-arm64-0.24.2.tgz",
      "integrity": "sha512-7HnAD6074BW43YvvUmE/35Id9/NB7BeX5EoNkK9obndmZBUk8xmJJeU7DwmUeN7tkysslb2eSl6CTrYz6oEMQg==",
      "cpu": [
        "arm64"
      ],
      "dev": true,
      "license": "MIT",
      "optional": true,
      "os": [
        "linux"
      ],
      "engines": {
        "node": ">=18"
      }
    },
    "node_modules/@esbuild/linux-ia32": {
      "version": "0.24.2",
      "resolved": "https://registry.npmjs.org/@esbuild/linux-ia32/-/linux-ia32-0.24.2.tgz",
      "integrity": "sha512-sfv0tGPQhcZOgTKO3oBE9xpHuUqguHvSo4jl+wjnKwFpapx+vUDcawbwPNuBIAYdRAvIDBfZVvXprIj3HA+Ugw==",
      "cpu": [
        "ia32"
      ],
      "dev": true,
      "license": "MIT",
      "optional": true,
      "os": [
        "linux"
      ],
      "engines": {
        "node": ">=18"
      }
    },
    "node_modules/@esbuild/linux-loong64": {
      "version": "0.24.2",
      "resolved": "https://registry.npmjs.org/@esbuild/linux-loong64/-/linux-loong64-0.24.2.tgz",
      "integrity": "sha512-CN9AZr8kEndGooS35ntToZLTQLHEjtVB5n7dl8ZcTZMonJ7CCfStrYhrzF97eAecqVbVJ7APOEe18RPI4KLhwQ==",
      "cpu": [
        "loong64"
      ],
      "dev": true,
      "license": "MIT",
      "optional": true,
      "os": [
        "linux"
      ],
      "engines": {
        "node": ">=18"
      }
    },
    "node_modules/@esbuild/linux-mips64el": {
      "version": "0.24.2",
      "resolved": "https://registry.npmjs.org/@esbuild/linux-mips64el/-/linux-mips64el-0.24.2.tgz",
      "integrity": "sha512-iMkk7qr/wl3exJATwkISxI7kTcmHKE+BlymIAbHO8xanq/TjHaaVThFF6ipWzPHryoFsesNQJPE/3wFJw4+huw==",
      "cpu": [
        "mips64el"
      ],
      "dev": true,
      "license": "MIT",
      "optional": true,
      "os": [
        "linux"
      ],
      "engines": {
        "node": ">=18"
      }
    },
    "node_modules/@esbuild/linux-ppc64": {
      "version": "0.24.2",
      "resolved": "https://registry.npmjs.org/@esbuild/linux-ppc64/-/linux-ppc64-0.24.2.tgz",
      "integrity": "sha512-shsVrgCZ57Vr2L8mm39kO5PPIb+843FStGt7sGGoqiiWYconSxwTiuswC1VJZLCjNiMLAMh34jg4VSEQb+iEbw==",
      "cpu": [
        "ppc64"
      ],
      "dev": true,
      "license": "MIT",
      "optional": true,
      "os": [
        "linux"
      ],
      "engines": {
        "node": ">=18"
      }
    },
    "node_modules/@esbuild/linux-riscv64": {
      "version": "0.24.2",
      "resolved": "https://registry.npmjs.org/@esbuild/linux-riscv64/-/linux-riscv64-0.24.2.tgz",
      "integrity": "sha512-4eSFWnU9Hhd68fW16GD0TINewo1L6dRrB+oLNNbYyMUAeOD2yCK5KXGK1GH4qD/kT+bTEXjsyTCiJGHPZ3eM9Q==",
      "cpu": [
        "riscv64"
      ],
      "dev": true,
      "license": "MIT",
      "optional": true,
      "os": [
        "linux"
      ],
      "engines": {
        "node": ">=18"
      }
    },
    "node_modules/@esbuild/linux-s390x": {
      "version": "0.24.2",
      "resolved": "https://registry.npmjs.org/@esbuild/linux-s390x/-/linux-s390x-0.24.2.tgz",
      "integrity": "sha512-S0Bh0A53b0YHL2XEXC20bHLuGMOhFDO6GN4b3YjRLK//Ep3ql3erpNcPlEFed93hsQAjAQDNsvcK+hV90FubSw==",
      "cpu": [
        "s390x"
      ],
      "dev": true,
      "license": "MIT",
      "optional": true,
      "os": [
        "linux"
      ],
      "engines": {
        "node": ">=18"
      }
    },
    "node_modules/@esbuild/linux-x64": {
      "version": "0.24.2",
      "resolved": "https://registry.npmjs.org/@esbuild/linux-x64/-/linux-x64-0.24.2.tgz",
      "integrity": "sha512-8Qi4nQcCTbLnK9WoMjdC9NiTG6/E38RNICU6sUNqK0QFxCYgoARqVqxdFmWkdonVsvGqWhmm7MO0jyTqLqwj0Q==",
      "cpu": [
        "x64"
      ],
      "dev": true,
      "license": "MIT",
      "optional": true,
      "os": [
        "linux"
      ],
      "engines": {
        "node": ">=18"
      }
    },
    "node_modules/@esbuild/netbsd-arm64": {
      "version": "0.24.2",
      "resolved": "https://registry.npmjs.org/@esbuild/netbsd-arm64/-/netbsd-arm64-0.24.2.tgz",
      "integrity": "sha512-wuLK/VztRRpMt9zyHSazyCVdCXlpHkKm34WUyinD2lzK07FAHTq0KQvZZlXikNWkDGoT6x3TD51jKQ7gMVpopw==",
      "cpu": [
        "arm64"
      ],
      "dev": true,
      "license": "MIT",
      "optional": true,
      "os": [
        "netbsd"
      ],
      "engines": {
        "node": ">=18"
      }
    },
    "node_modules/@esbuild/netbsd-x64": {
      "version": "0.24.2",
      "resolved": "https://registry.npmjs.org/@esbuild/netbsd-x64/-/netbsd-x64-0.24.2.tgz",
      "integrity": "sha512-VefFaQUc4FMmJuAxmIHgUmfNiLXY438XrL4GDNV1Y1H/RW3qow68xTwjZKfj/+Plp9NANmzbH5R40Meudu8mmw==",
      "cpu": [
        "x64"
      ],
      "dev": true,
      "license": "MIT",
      "optional": true,
      "os": [
        "netbsd"
      ],
      "engines": {
        "node": ">=18"
      }
    },
    "node_modules/@esbuild/openbsd-arm64": {
      "version": "0.24.2",
      "resolved": "https://registry.npmjs.org/@esbuild/openbsd-arm64/-/openbsd-arm64-0.24.2.tgz",
      "integrity": "sha512-YQbi46SBct6iKnszhSvdluqDmxCJA+Pu280Av9WICNwQmMxV7nLRHZfjQzwbPs3jeWnuAhE9Jy0NrnJ12Oz+0A==",
      "cpu": [
        "arm64"
      ],
      "dev": true,
      "license": "MIT",
      "optional": true,
      "os": [
        "openbsd"
      ],
      "engines": {
        "node": ">=18"
      }
    },
    "node_modules/@esbuild/openbsd-x64": {
      "version": "0.24.2",
      "resolved": "https://registry.npmjs.org/@esbuild/openbsd-x64/-/openbsd-x64-0.24.2.tgz",
      "integrity": "sha512-+iDS6zpNM6EnJyWv0bMGLWSWeXGN/HTaF/LXHXHwejGsVi+ooqDfMCCTerNFxEkM3wYVcExkeGXNqshc9iMaOA==",
      "cpu": [
        "x64"
      ],
      "dev": true,
      "license": "MIT",
      "optional": true,
      "os": [
        "openbsd"
      ],
      "engines": {
        "node": ">=18"
      }
    },
    "node_modules/@esbuild/sunos-x64": {
      "version": "0.24.2",
      "resolved": "https://registry.npmjs.org/@esbuild/sunos-x64/-/sunos-x64-0.24.2.tgz",
      "integrity": "sha512-hTdsW27jcktEvpwNHJU4ZwWFGkz2zRJUz8pvddmXPtXDzVKTTINmlmga3ZzwcuMpUvLw7JkLy9QLKyGpD2Yxig==",
      "cpu": [
        "x64"
      ],
      "dev": true,
      "license": "MIT",
      "optional": true,
      "os": [
        "sunos"
      ],
      "engines": {
        "node": ">=18"
      }
    },
    "node_modules/@esbuild/win32-arm64": {
      "version": "0.24.2",
      "resolved": "https://registry.npmjs.org/@esbuild/win32-arm64/-/win32-arm64-0.24.2.tgz",
      "integrity": "sha512-LihEQ2BBKVFLOC9ZItT9iFprsE9tqjDjnbulhHoFxYQtQfai7qfluVODIYxt1PgdoyQkz23+01rzwNwYfutxUQ==",
      "cpu": [
        "arm64"
      ],
      "dev": true,
      "license": "MIT",
      "optional": true,
      "os": [
        "win32"
      ],
      "engines": {
        "node": ">=18"
      }
    },
    "node_modules/@esbuild/win32-ia32": {
      "version": "0.24.2",
      "resolved": "https://registry.npmjs.org/@esbuild/win32-ia32/-/win32-ia32-0.24.2.tgz",
      "integrity": "sha512-q+iGUwfs8tncmFC9pcnD5IvRHAzmbwQ3GPS5/ceCyHdjXubwQWI12MKWSNSMYLJMq23/IUCvJMS76PDqXe1fxA==",
      "cpu": [
        "ia32"
      ],
      "dev": true,
      "license": "MIT",
      "optional": true,
      "os": [
        "win32"
      ],
      "engines": {
        "node": ">=18"
      }
    },
    "node_modules/@esbuild/win32-x64": {
      "version": "0.24.2",
      "resolved": "https://registry.npmjs.org/@esbuild/win32-x64/-/win32-x64-0.24.2.tgz",
      "integrity": "sha512-7VTgWzgMGvup6aSqDPLiW5zHaxYJGTO4OokMjIlrCtf+VpEL+cXKtCvg723iguPYI5oaUNdS+/V7OU2gvXVWEg==",
      "cpu": [
        "x64"
      ],
      "dev": true,
      "license": "MIT",
      "optional": true,
      "os": [
        "win32"
      ],
      "engines": {
        "node": ">=18"
      }
    },
    "node_modules/@tailwindcss/typography": {
      "version": "0.5.16",
      "resolved": "https://registry.npmjs.org/@tailwindcss/typography/-/typography-0.5.16.tgz",
      "integrity": "sha512-0wDLwCVF5V3x3b1SGXPCDcdsbDHMBe+lkFzBRaHeLvNi+nrrnZ1lA18u+OTWO8iSWU2GxUOCvlXtDuqftc1oiA==",
      "dev": true,
      "license": "MIT",
      "dependencies": {
        "lodash.castarray": "^4.4.0",
        "lodash.isplainobject": "^4.0.6",
        "lodash.merge": "^4.6.2",
        "postcss-selector-parser": "6.0.10"
      },
      "peerDependencies": {
        "tailwindcss": ">=3.0.0 || insiders || >=4.0.0-alpha.20 || >=4.0.0-beta.1"
      }
    },
    "node_modules/@tailwindcss/typography/node_modules/postcss-selector-parser": {
      "version": "6.0.10",
      "resolved": "https://registry.npmjs.org/postcss-selector-parser/-/postcss-selector-parser-6.0.10.tgz",
      "integrity": "sha512-IQ7TZdoaqbT+LCpShg46jnZVlhWD2w6iQYAcYXfHARZ7X1t/UGhhceQDs5X0cGqKvYlHNOuv7Oa1xmb0oQuA3w==",
      "dev": true,
      "license": "MIT",
      "dependencies": {
        "cssesc": "^3.0.0",
        "util-deprecate": "^1.0.2"
      },
      "engines": {
        "node": ">=4"
      }
    },
    "node_modules/camelcase-css": {
      "version": "2.0.1",
      "resolved": "https://registry.npmjs.org/camelcase-css/-/camelcase-css-2.0.1.tgz",
      "integrity": "sha512-QOSvevhslijgYwRx6Rv7zKdMF8lbRmx+uQGx2+vDc+KI/eBnsy9kit5aj23AgGu3pa4t9AgwbnXWqS+iOY+2aA==",
      "dev": true,
      "engines": {
        "node": ">= 6"
      }
    },
    "node_modules/css-selector-tokenizer": {
      "version": "0.8.0",
      "resolved": "https://registry.npmjs.org/css-selector-tokenizer/-/css-selector-tokenizer-0.8.0.tgz",
      "integrity": "sha512-Jd6Ig3/pe62/qe5SBPTN8h8LeUg/pT4lLgtavPf7updwwHpvFzxvOQBHYj2LZDMjUnBzgvIUSjRcf6oT5HzHFg==",
      "dev": true,
      "dependencies": {
        "cssesc": "^3.0.0",
        "fastparse": "^1.1.2"
      }
    },
    "node_modules/cssesc": {
      "version": "3.0.0",
      "resolved": "https://registry.npmjs.org/cssesc/-/cssesc-3.0.0.tgz",
      "integrity": "sha512-/Tb/JcjK111nNScGob5MNtsntNM1aCNUDipB/TkwZFhyDrrE47SOx/18wF2bbjgc3ZzCSKW1T5nt5EbFoAz/Vg==",
      "dev": true,
      "bin": {
        "cssesc": "bin/cssesc"
      },
      "engines": {
        "node": ">=4"
      }
    },
    "node_modules/culori": {
      "version": "3.3.0",
      "resolved": "https://registry.npmjs.org/culori/-/culori-3.3.0.tgz",
      "integrity": "sha512-pHJg+jbuFsCjz9iclQBqyL3B2HLCBF71BwVNujUYEvCeQMvV97R59MNK3R2+jgJ3a1fcZgI9B3vYgz8lzr/BFQ==",
      "dev": true,
      "engines": {
        "node": "^12.20.0 || ^14.13.1 || >=16.0.0"
      }
    },
    "node_modules/daisyui": {
      "version": "4.12.23",
      "resolved": "https://registry.npmjs.org/daisyui/-/daisyui-4.12.23.tgz",
      "integrity": "sha512-EM38duvxutJ5PD65lO/AFMpcw+9qEy6XAZrTpzp7WyaPeO/l+F/Qiq0ECHHmFNcFXh5aVoALY4MGrrxtCiaQCQ==",
      "dev": true,
      "license": "MIT",
      "dependencies": {
        "css-selector-tokenizer": "^0.8",
        "culori": "^3",
        "picocolors": "^1",
        "postcss-js": "^4"
      },
      "engines": {
        "node": ">=16.9.0"
      },
      "funding": {
        "type": "opencollective",
        "url": "https://opencollective.com/daisyui"
      }
    },
    "node_modules/esbuild": {
      "version": "0.24.2",
      "resolved": "https://registry.npmjs.org/esbuild/-/esbuild-0.24.2.tgz",
      "integrity": "sha512-+9egpBW8I3CD5XPe0n6BfT5fxLzxrlDzqydF3aviG+9ni1lDC/OvMHcxqEFV0+LANZG5R1bFMWfUrjVsdwxJvA==",
      "dev": true,
      "hasInstallScript": true,
      "license": "MIT",
      "bin": {
        "esbuild": "bin/esbuild"
      },
      "engines": {
        "node": ">=18"
      },
      "optionalDependencies": {
        "@esbuild/aix-ppc64": "0.24.2",
        "@esbuild/android-arm": "0.24.2",
        "@esbuild/android-arm64": "0.24.2",
        "@esbuild/android-x64": "0.24.2",
        "@esbuild/darwin-arm64": "0.24.2",
        "@esbuild/darwin-x64": "0.24.2",
        "@esbuild/freebsd-arm64": "0.24.2",
        "@esbuild/freebsd-x64": "0.24.2",
        "@esbuild/linux-arm": "0.24.2",
        "@esbuild/linux-arm64": "0.24.2",
        "@esbuild/linux-ia32": "0.24.2",
        "@esbuild/linux-loong64": "0.24.2",
        "@esbuild/linux-mips64el": "0.24.2",
        "@esbuild/linux-ppc64": "0.24.2",
        "@esbuild/linux-riscv64": "0.24.2",
        "@esbuild/linux-s390x": "0.24.2",
        "@esbuild/linux-x64": "0.24.2",
        "@esbuild/netbsd-arm64": "0.24.2",
        "@esbuild/netbsd-x64": "0.24.2",
        "@esbuild/openbsd-arm64": "0.24.2",
        "@esbuild/openbsd-x64": "0.24.2",
        "@esbuild/sunos-x64": "0.24.2",
        "@esbuild/win32-arm64": "0.24.2",
        "@esbuild/win32-ia32": "0.24.2",
        "@esbuild/win32-x64": "0.24.2"
      }
    },
    "node_modules/fastparse": {
      "version": "1.1.2",
      "resolved": "https://registry.npmjs.org/fastparse/-/fastparse-1.1.2.tgz",
      "integrity": "sha512-483XLLxTVIwWK3QTrMGRqUfUpoOs/0hbQrl2oz4J0pAcm3A3bu84wxTFqGqkJzewCLdME38xJLJAxBABfQT8sQ==",
      "dev": true
    },
    "node_modules/lodash.castarray": {
      "version": "4.4.0",
      "resolved": "https://registry.npmjs.org/lodash.castarray/-/lodash.castarray-4.4.0.tgz",
      "integrity": "sha512-aVx8ztPv7/2ULbArGJ2Y42bG1mEQ5mGjpdvrbJcJFU3TbYybe+QlLS4pst9zV52ymy2in1KpFPiZnAOATxD4+Q==",
      "dev": true
    },
    "node_modules/lodash.isplainobject": {
      "version": "4.0.6",
      "resolved": "https://registry.npmjs.org/lodash.isplainobject/-/lodash.isplainobject-4.0.6.tgz",
      "integrity": "sha512-oSXzaWypCMHkPC3NvBEaPHf0KsA5mvPrOPgQWDsbg8n7orZ290M0BmC/jgRZ4vcJ6DTAhjrsSYgdsW/F+MFOBA==",
      "dev": true
    },
    "node_modules/lodash.merge": {
      "version": "4.6.2",
      "resolved": "https://registry.npmjs.org/lodash.merge/-/lodash.merge-4.6.2.tgz",
      "integrity": "sha512-0KpjqXRVvrYyCsX1swR/XTK0va6VQkQM6MNo7PqW77ByjAhoARA8EfrP1N4+KlKj8YS0ZUCtRT/YUuhyYDujIQ==",
      "dev": true
    },
    "node_modules/nanoid": {
      "version": "3.3.7",
      "resolved": "https://registry.npmjs.org/nanoid/-/nanoid-3.3.7.tgz",
      "integrity": "sha512-eSRppjcPIatRIMC1U6UngP8XFcz8MQWGQdt1MTBQ7NaAmvXDfvNxbvWV3x2y6CdEUciCSsDHDQZbhYaB8QEo2g==",
      "dev": true,
      "funding": [
        {
          "type": "github",
          "url": "https://github.com/sponsors/ai"
        }
      ],
      "license": "MIT",
      "peer": true,
      "bin": {
        "nanoid": "bin/nanoid.cjs"
      },
      "engines": {
        "node": "^10 || ^12 || ^13.7 || ^14 || >=15.0.1"
      }
    },
    "node_modules/picocolors": {
      "version": "1.1.1",
      "resolved": "https://registry.npmjs.org/picocolors/-/picocolors-1.1.1.tgz",
      "integrity": "sha512-xceH2snhtb5M9liqDsmEw56le376mTZkEX/jEb/RxNFyegNul7eNslCXP9FDj/Lcu0X8KEyMceP2ntpaHrDEVA==",
      "dev": true,
      "license": "ISC"
    },
    "node_modules/postcss": {
      "version": "8.4.49",
      "resolved": "https://registry.npmjs.org/postcss/-/postcss-8.4.49.tgz",
      "integrity": "sha512-OCVPnIObs4N29kxTjzLfUryOkvZEq+pf8jTF0lg8E7uETuWHA+v7j3c/xJmiqpX450191LlmZfUKkXxkTry7nA==",
      "dev": true,
      "funding": [
        {
          "type": "opencollective",
          "url": "https://opencollective.com/postcss/"
        },
        {
          "type": "tidelift",
          "url": "https://tidelift.com/funding/github/npm/postcss"
        },
        {
          "type": "github",
          "url": "https://github.com/sponsors/ai"
        }
      ],
      "license": "MIT",
      "peer": true,
      "dependencies": {
        "nanoid": "^3.3.7",
        "picocolors": "^1.1.1",
        "source-map-js": "^1.2.1"
      },
      "engines": {
        "node": "^10 || ^12 || >=14"
      }
    },
    "node_modules/postcss-js": {
      "version": "4.0.1",
      "resolved": "https://registry.npmjs.org/postcss-js/-/postcss-js-4.0.1.tgz",
      "integrity": "sha512-dDLF8pEO191hJMtlHFPRa8xsizHaM82MLfNkUHdUtVEV3tgTp5oj+8qbEqYM57SLfc74KSbw//4SeJma2LRVIw==",
      "dev": true,
      "dependencies": {
        "camelcase-css": "^2.0.1"
      },
      "engines": {
        "node": "^12 || ^14 || >= 16"
      },
      "funding": {
        "type": "opencollective",
        "url": "https://opencollective.com/postcss/"
      },
      "peerDependencies": {
        "postcss": "^8.4.21"
      }
    },
    "node_modules/source-map-js": {
      "version": "1.2.1",
      "resolved": "https://registry.npmjs.org/source-map-js/-/source-map-js-1.2.1.tgz",
      "integrity": "sha512-UXWMKhLOwVKb728IUtQPXxfYU+usdybtUrK/8uGE8CQMvrhOpwvzDBwj0QhSL7MQc7vIsISBG8VQ8+IDQxpfQA==",
      "dev": true,
      "license": "BSD-3-Clause",
      "peer": true,
      "engines": {
        "node": ">=0.10.0"
      }
    },
    "node_modules/tailwindcss": {
      "version": "4.0.1",
      "resolved": "https://registry.npmjs.org/tailwindcss/-/tailwindcss-4.0.1.tgz",
      "integrity": "sha512-UK5Biiit/e+r3i0O223bisoS5+y7ZT1PM8Ojn0MxRHzXN1VPZ2KY6Lo6fhu1dOfCfyUAlK7Lt6wSxowRabATBw==",
      "dev": true,
      "license": "MIT"
    },
    "node_modules/topbar": {
      "version": "3.0.0",
      "resolved": "https://registry.npmjs.org/topbar/-/topbar-3.0.0.tgz",
      "integrity": "sha512-mhczD7KfYi1anfoMPKRdl0wPSWiYc0YOK4KyycYs3EaNT15pVVNDG5CtfgZcEBWIPJEdfR7r8K4hTXDD2ECBVQ=="
    },
    "node_modules/util-deprecate": {
      "version": "1.0.2",
      "resolved": "https://registry.npmjs.org/util-deprecate/-/util-deprecate-1.0.2.tgz",
      "integrity": "sha512-EPD5q1uXyFxJpCrLnCc1nHnq3gOa6DZBocAIiI2TaSCA7VCJ1UJDMagCzIkXNsUYfD1daK//LTEQ8xiIbrHtcw==",
      "dev": true
    }
  }
}
